
Microsoft Visual Studio Solution File, Format Version 12.00
# Visual Studio Version 17
VisualStudioVersion = 17.0.32014.148
MinimumVisualStudioVersion = 10.0.40219.1
Project("{FAE04EC0-301F-11D3-BF4B-00C04F79EFBC}") = "IsTheSame", "IsTheSame\IsTheSame.csproj", "{31EAFB48-E6E2-4EFD-BB7B-0E63C4079B2A}"
EndProject
Global
	GlobalSection(SolutionConfigurationPlatforms) = preSolution
		Debug|Any CPU = Debug|Any CPU
		Release|Any CPU = Release|Any CPU
	EndGlobalSection
	GlobalSection(ProjectConfigurationPlatforms) = postSolution
		{31EAFB48-E6E2-4EFD-BB7B-0E63C4079B2A}.Debug|Any CPU.ActiveCfg = Debug|Any CPU
		{31EAFB48-E6E2-4EFD-BB7B-0E63C4079B2A}.Debug|Any CPU.Build.0 = Debug|Any CPU
		{31EAFB48-E6E2-4EFD-BB7B-0E63C4079B2A}.Release|Any CPU.ActiveCfg = Release|Any CPU
		{31EAFB48-E6E2-4EFD-BB7B-0E63C4079B2A}.Release|Any CPU.Build.0 = Release|Any CPU
	EndGlobalSection
	GlobalSection(SolutionProperties) = preSolution
		HideSolutionNode = FALSE
	EndGlobalSection
	GlobalSection(ExtensibilityGlobals) = postSolution
		SolutionGuid = {769A4606-3947-461E-B768-8A54ECC037A4}
	EndGlobalSection
EndGlobal
