
Microsoft Visual Studio Solution File, Format Version 12.00
# Visual Studio Version 17
VisualStudioVersion = 17.0.32014.148
MinimumVisualStudioVersion = 10.0.40219.1
Project("{FAE04EC0-301F-11D3-BF4B-00C04F79EFBC}") = "IsLeapYear", "IsLeapYear\IsLeapYear.csproj", "{6BEFD8CA-93E7-4387-BC58-30F15F142BFF}"
EndProject
Global
	GlobalSection(SolutionConfigurationPlatforms) = preSolution
		Debug|Any CPU = Debug|Any CPU
		Release|Any CPU = Release|Any CPU
	EndGlobalSection
	GlobalSection(ProjectConfigurationPlatforms) = postSolution
		{6BEFD8CA-93E7-4387-BC58-30F15F142BFF}.Debug|Any CPU.ActiveCfg = Debug|Any CPU
		{6BEFD8CA-93E7-4387-BC58-30F15F142BFF}.Debug|Any CPU.Build.0 = Debug|Any CPU
		{6BEFD8CA-93E7-4387-BC58-30F15F142BFF}.Release|Any CPU.ActiveCfg = Release|Any CPU
		{6BEFD8CA-93E7-4387-BC58-30F15F142BFF}.Release|Any CPU.Build.0 = Release|Any CPU
	EndGlobalSection
	GlobalSection(SolutionProperties) = preSolution
		HideSolutionNode = FALSE
	EndGlobalSection
	GlobalSection(ExtensibilityGlobals) = postSolution
		SolutionGuid = {4985C8B3-A805-41F1-A3DE-FCAD142A9A8E}
	EndGlobalSection
EndGlobal
