
Microsoft Visual Studio Solution File, Format Version 12.00
# Visual Studio Version 17
VisualStudioVersion = 17.0.32014.148
MinimumVisualStudioVersion = 10.0.40219.1
Project("{FAE04EC0-301F-11D3-BF4B-00C04F79EFBC}") = "IsBalanced", "IsBalanced\IsBalanced.csproj", "{F3D294DF-3FF0-4D43-A12E-ED070ADCE5E2}"
EndProject
Global
	GlobalSection(SolutionConfigurationPlatforms) = preSolution
		Debug|Any CPU = Debug|Any CPU
		Release|Any CPU = Release|Any CPU
	EndGlobalSection
	GlobalSection(ProjectConfigurationPlatforms) = postSolution
		{F3D294DF-3FF0-4D43-A12E-ED070ADCE5E2}.Debug|Any CPU.ActiveCfg = Debug|Any CPU
		{F3D294DF-3FF0-4D43-A12E-ED070ADCE5E2}.Debug|Any CPU.Build.0 = Debug|Any CPU
		{F3D294DF-3FF0-4D43-A12E-ED070ADCE5E2}.Release|Any CPU.ActiveCfg = Release|Any CPU
		{F3D294DF-3FF0-4D43-A12E-ED070ADCE5E2}.Release|Any CPU.Build.0 = Release|Any CPU
	EndGlobalSection
	GlobalSection(SolutionProperties) = preSolution
		HideSolutionNode = FALSE
	EndGlobalSection
	GlobalSection(ExtensibilityGlobals) = postSolution
		SolutionGuid = {54B9EFBB-AA50-402C-BAC2-D7D47E3F73DE}
	EndGlobalSection
EndGlobal
